
Microsoft Visual Studio Solution File, Format Version 12.00
# Visual Studio 14
VisualStudioVersion = 14.0.25420.1
MinimumVisualStudioVersion = 10.0.40219.1
Project("{FAE04EC0-301F-11D3-BF4B-00C04F79EFBC}") = "CodeHelpers", "Code_Helpers\CodeHelpers.csproj", "{D3FB9604-B853-40BA-BCDD-7C73E019C83F}"
EndProject
Project("{FAE04EC0-301F-11D3-BF4B-00C04F79EFBC}") = "Sql_Server_Helpers", "Sql_Server_Helpers\Sql_Server_Helpers.csproj", "{737C87E6-102E-4C88-9557-20AD0A2781C2}"
EndProject
Project("{FAE04EC0-301F-11D3-BF4B-00C04F79EFBC}") = "Web_Forms_Helpers", "Web_Forms_Helpers\Web_Forms_Helpers.csproj", "{0625AAC0-F893-4B05-91F0-489587493613}"
EndProject
Project("{FAE04EC0-301F-11D3-BF4B-00C04F79EFBC}") = "MVC_Helpers", "MVC_Helpers\MVC_Helpers.csproj", "{2853655C-7995-4E13-8766-2126C4FE9227}"
EndProject
Project("{FAE04EC0-301F-11D3-BF4B-00C04F79EFBC}") = "Guide_Helpers", "Guide_Helpers\Guide_Helpers.csproj", "{95B073CA-7EF1-44FE-9D0C-AC4644FD01EC}"
EndProject
Project("{FAE04EC0-301F-11D3-BF4B-00C04F79EFBC}") = "Data_Helpers", "Data_Helpers\Data_Helpers.csproj", "{CBC2E068-3422-4B94-92C0-49684E687970}"
EndProject
Global
	GlobalSection(SolutionConfigurationPlatforms) = preSolution
		Debug|Any CPU = Debug|Any CPU
		Release|Any CPU = Release|Any CPU
	EndGlobalSection
	GlobalSection(ProjectConfigurationPlatforms) = postSolution
		{D3FB9604-B853-40BA-BCDD-7C73E019C83F}.Debug|Any CPU.ActiveCfg = Debug|Any CPU
		{D3FB9604-B853-40BA-BCDD-7C73E019C83F}.Debug|Any CPU.Build.0 = Debug|Any CPU
		{D3FB9604-B853-40BA-BCDD-7C73E019C83F}.Release|Any CPU.ActiveCfg = Release|Any CPU
		{D3FB9604-B853-40BA-BCDD-7C73E019C83F}.Release|Any CPU.Build.0 = Release|Any CPU
		{737C87E6-102E-4C88-9557-20AD0A2781C2}.Debug|Any CPU.ActiveCfg = Debug|Any CPU
		{737C87E6-102E-4C88-9557-20AD0A2781C2}.Debug|Any CPU.Build.0 = Debug|Any CPU
		{737C87E6-102E-4C88-9557-20AD0A2781C2}.Release|Any CPU.ActiveCfg = Release|Any CPU
		{737C87E6-102E-4C88-9557-20AD0A2781C2}.Release|Any CPU.Build.0 = Release|Any CPU
		{0625AAC0-F893-4B05-91F0-489587493613}.Debug|Any CPU.ActiveCfg = Debug|Any CPU
		{0625AAC0-F893-4B05-91F0-489587493613}.Debug|Any CPU.Build.0 = Debug|Any CPU
		{0625AAC0-F893-4B05-91F0-489587493613}.Release|Any CPU.ActiveCfg = Release|Any CPU
		{0625AAC0-F893-4B05-91F0-489587493613}.Release|Any CPU.Build.0 = Release|Any CPU
		{2853655C-7995-4E13-8766-2126C4FE9227}.Debug|Any CPU.ActiveCfg = Debug|Any CPU
		{2853655C-7995-4E13-8766-2126C4FE9227}.Debug|Any CPU.Build.0 = Debug|Any CPU
		{2853655C-7995-4E13-8766-2126C4FE9227}.Release|Any CPU.ActiveCfg = Release|Any CPU
		{2853655C-7995-4E13-8766-2126C4FE9227}.Release|Any CPU.Build.0 = Release|Any CPU
		{95B073CA-7EF1-44FE-9D0C-AC4644FD01EC}.Debug|Any CPU.ActiveCfg = Debug|Any CPU
		{95B073CA-7EF1-44FE-9D0C-AC4644FD01EC}.Debug|Any CPU.Build.0 = Debug|Any CPU
		{95B073CA-7EF1-44FE-9D0C-AC4644FD01EC}.Release|Any CPU.ActiveCfg = Release|Any CPU
		{95B073CA-7EF1-44FE-9D0C-AC4644FD01EC}.Release|Any CPU.Build.0 = Release|Any CPU
		{CBC2E068-3422-4B94-92C0-49684E687970}.Debug|Any CPU.ActiveCfg = Debug|Any CPU
		{CBC2E068-3422-4B94-92C0-49684E687970}.Debug|Any CPU.Build.0 = Debug|Any CPU
		{CBC2E068-3422-4B94-92C0-49684E687970}.Release|Any CPU.ActiveCfg = Release|Any CPU
		{CBC2E068-3422-4B94-92C0-49684E687970}.Release|Any CPU.Build.0 = Release|Any CPU
	EndGlobalSection
	GlobalSection(SolutionProperties) = preSolution
		HideSolutionNode = FALSE
	EndGlobalSection
EndGlobal
